{
  "originHash" : "3e1aed8da5ad461fd9debf4971b74a81f1001f1e62813aa77c1347b39ed71e82",
  "pins" : [
    {
      "identity" : "amplitude-swift",
      "kind" : "remoteSourceControl",
      "location" : "https://github.com/amplitude/Amplitude-Swift",
      "state" : {
        "revision" : "b9da4c5e28830375dccdd9b49cc62da60b7f1895",
        "version" : "1.17.3"
      }
    },
    {
      "identity" : "amplitudecore-swift",
      "kind" : "remoteSourceControl",
      "location" : "https://github.com/amplitude/AmplitudeCore-Swift.git",
      "state" : {
        "revision" : "1be727864d2e7ead7198f975ffc30cf5a7ba6fd3",
        "version" : "1.4.3"
      }
    },
    {
      "identity" : "analytics-connector-ios",
      "kind" : "remoteSourceControl",
      "location" : "https://github.com/amplitude/analytics-connector-ios.git",
      "state" : {
        "revision" : "4adbfe85486e6dcdcdca5fa9362097ffe5ec712b",
        "version" : "1.3.1"
      }
    },
    {
      "identity" : "sentry-cocoa",
      "kind" : "remoteSourceControl",
      "location" : "https://github.com/getsentry/sentry-cocoa",
      "state" : {
        "revision" : "c63a66f1b5107eec3792249bb03e65015eeba905",
        "version" : "9.7.0"
      }
    }
  ],
  "version" : 3
}
