{
  "originHash" : "fe2058021877317dc0eb2a90f72cf1f109191d19c941bd34f79fc766b4cd9308",
  "pins" : [
    {
      "identity" : "amplitude-swift",
      "kind" : "remoteSourceControl",
      "location" : "https://github.com/amplitude/Amplitude-Swift",
      "state" : {
        "revision" : "65925b0371e6d40a465eba547b157084ff3c1450",
        "version" : "1.17.4"
      }
    },
    {
      "identity" : "amplitudecore-swift",
      "kind" : "remoteSourceControl",
      "location" : "https://github.com/amplitude/AmplitudeCore-Swift.git",
      "state" : {
        "revision" : "1be727864d2e7ead7198f975ffc30cf5a7ba6fd3",
        "version" : "1.4.3"
      }
    },
    {
      "identity" : "analytics-connector-ios",
      "kind" : "remoteSourceControl",
      "location" : "https://github.com/amplitude/analytics-connector-ios.git",
      "state" : {
        "revision" : "4adbfe85486e6dcdcdca5fa9362097ffe5ec712b",
        "version" : "1.3.1"
      }
    },
    {
      "identity" : "sentry-cocoa",
      "kind" : "remoteSourceControl",
      "location" : "https://github.com/getsentry/sentry-cocoa",
      "state" : {
        "revision" : "990135f0881e56ac6b39404de0f5b0cd0dcf2131",
        "version" : "9.6.0"
      }
    }
  ],
  "version" : 3
}
